
Microsoft Visual Studio Solution File, Format Version 12.00
# Visual Studio 15
VisualStudioVersion = 15.0.26124.0
MinimumVisualStudioVersion = 15.0.26124.0
Project("{2150E333-8FDC-42A3-9474-1A3956D46DE8}") = "src", "src", "{1C92BF85-D1A6-4563-AE2B-612895ED6651}"
EndProject
Project("{FAE04EC0-301F-11D3-BF4B-00C04F79EFBC}") = "Hello.Api", "src\Hello.Api\Hello.Api.csproj", "{F65E9BB7-DA3F-4660-AE12-1ACD2C818A3B}"
EndProject
Project("{2150E333-8FDC-42A3-9474-1A3956D46DE8}") = "test", "test", "{06AF7929-6FA5-47E3-90EF-CD1A701F08AE}"
EndProject
Project("{FAE04EC0-301F-11D3-BF4B-00C04F79EFBC}") = "Hello.Api.Tests", "test\Hello.Api.Tests\Hello.Api.Tests.csproj", "{91E74444-A442-4D7C-9BB5-64F0E5EFAC05}"
EndProject
Global
	GlobalSection(SolutionConfigurationPlatforms) = preSolution
		Debug|Any CPU = Debug|Any CPU
		Debug|x64 = Debug|x64
		Debug|x86 = Debug|x86
		Release|Any CPU = Release|Any CPU
		Release|x64 = Release|x64
		Release|x86 = Release|x86
	EndGlobalSection
	GlobalSection(SolutionProperties) = preSolution
		HideSolutionNode = FALSE
	EndGlobalSection
	GlobalSection(ProjectConfigurationPlatforms) = postSolution
		{F65E9BB7-DA3F-4660-AE12-1ACD2C818A3B}.Debug|Any CPU.ActiveCfg = Debug|Any CPU
		{F65E9BB7-DA3F-4660-AE12-1ACD2C818A3B}.Debug|Any CPU.Build.0 = Debug|Any CPU
		{F65E9BB7-DA3F-4660-AE12-1ACD2C818A3B}.Debug|x64.ActiveCfg = Debug|Any CPU
		{F65E9BB7-DA3F-4660-AE12-1ACD2C818A3B}.Debug|x64.Build.0 = Debug|Any CPU
		{F65E9BB7-DA3F-4660-AE12-1ACD2C818A3B}.Debug|x86.ActiveCfg = Debug|Any CPU
		{F65E9BB7-DA3F-4660-AE12-1ACD2C818A3B}.Debug|x86.Build.0 = Debug|Any CPU
		{F65E9BB7-DA3F-4660-AE12-1ACD2C818A3B}.Release|Any CPU.ActiveCfg = Release|Any CPU
		{F65E9BB7-DA3F-4660-AE12-1ACD2C818A3B}.Release|Any CPU.Build.0 = Release|Any CPU
		{F65E9BB7-DA3F-4660-AE12-1ACD2C818A3B}.Release|x64.ActiveCfg = Release|Any CPU
		{F65E9BB7-DA3F-4660-AE12-1ACD2C818A3B}.Release|x64.Build.0 = Release|Any CPU
		{F65E9BB7-DA3F-4660-AE12-1ACD2C818A3B}.Release|x86.ActiveCfg = Release|Any CPU
		{F65E9BB7-DA3F-4660-AE12-1ACD2C818A3B}.Release|x86.Build.0 = Release|Any CPU
		{91E74444-A442-4D7C-9BB5-64F0E5EFAC05}.Debug|Any CPU.ActiveCfg = Debug|Any CPU
		{91E74444-A442-4D7C-9BB5-64F0E5EFAC05}.Debug|Any CPU.Build.0 = Debug|Any CPU
		{91E74444-A442-4D7C-9BB5-64F0E5EFAC05}.Debug|x64.ActiveCfg = Debug|Any CPU
		{91E74444-A442-4D7C-9BB5-64F0E5EFAC05}.Debug|x64.Build.0 = Debug|Any CPU
		{91E74444-A442-4D7C-9BB5-64F0E5EFAC05}.Debug|x86.ActiveCfg = Debug|Any CPU
		{91E74444-A442-4D7C-9BB5-64F0E5EFAC05}.Debug|x86.Build.0 = Debug|Any CPU
		{91E74444-A442-4D7C-9BB5-64F0E5EFAC05}.Release|Any CPU.ActiveCfg = Release|Any CPU
		{91E74444-A442-4D7C-9BB5-64F0E5EFAC05}.Release|Any CPU.Build.0 = Release|Any CPU
		{91E74444-A442-4D7C-9BB5-64F0E5EFAC05}.Release|x64.ActiveCfg = Release|Any CPU
		{91E74444-A442-4D7C-9BB5-64F0E5EFAC05}.Release|x64.Build.0 = Release|Any CPU
		{91E74444-A442-4D7C-9BB5-64F0E5EFAC05}.Release|x86.ActiveCfg = Release|Any CPU
		{91E74444-A442-4D7C-9BB5-64F0E5EFAC05}.Release|x86.Build.0 = Release|Any CPU
	EndGlobalSection
	GlobalSection(NestedProjects) = preSolution
		{F65E9BB7-DA3F-4660-AE12-1ACD2C818A3B} = {1C92BF85-D1A6-4563-AE2B-612895ED6651}
		{91E74444-A442-4D7C-9BB5-64F0E5EFAC05} = {06AF7929-6FA5-47E3-90EF-CD1A701F08AE}
	EndGlobalSection
EndGlobal
